<Solution>
  <Configurations>
    <Platform Name="Any CPU" />
    <Platform Name="x64" />
    <Platform Name="x86" />
  </Configurations>
  <Project Path="ConsoleApplication_ETW/ConsoleApplication_ETW.vcxproj" Id="4ccf1cd2-f67a-47b6-9674-b5f86271e219" />
  <Project Path="ConsoleApp_Test/ConsoleApp_Test.csproj" Id="e15728a0-a17b-4a91-bd9c-81566e23e62a" />
  <Project Path="QSoft.ETW/QSoft.ETW.csproj" Id="933a05f2-16bf-4f24-87e7-4401c8ec4dfa" />
  <Project Path="WpfApp1/WpfApp1.csproj" Id="513ba490-1edc-4c79-9670-7dd89d5045ec" />
</Solution>
