<Solution>
  <Configurations>
    <Platform Name="Any CPU" />
    <Platform Name="x64" />
    <Platform Name="x86" />
  </Configurations>
  <Project Path="ConsoleApplication_ETW/ConsoleApplication_ETW.vcxproj" Id="4ccf1cd2-f67a-47b6-9674-b5f86271e219" />
  <Project Path="QSoft.ETW/QSoft.ETW.csproj" />
</Solution>
